
Microsoft Visual Studio Solution File, Format Version 12.00
# Visual Studio Version 17
VisualStudioVersion = 17.4.33122.133
MinimumVisualStudioVersion = 10.0.40219.1
Project("{FAE04EC0-301F-11D3-BF4B-00C04F79EFBC}") = "Стоматология", "Стоматология\Стоматология.csproj", "{6F28B249-DF38-42F2-A011-9F3FB7C24ABC}"
EndProject
Global
	GlobalSection(SolutionConfigurationPlatforms) = preSolution
		Debug|Any CPU = Debug|Any CPU
		Release|Any CPU = Release|Any CPU
	EndGlobalSection
	GlobalSection(ProjectConfigurationPlatforms) = postSolution
		{6F28B249-DF38-42F2-A011-9F3FB7C24ABC}.Debug|Any CPU.ActiveCfg = Debug|Any CPU
		{6F28B249-DF38-42F2-A011-9F3FB7C24ABC}.Debug|Any CPU.Build.0 = Debug|Any CPU
		{6F28B249-DF38-42F2-A011-9F3FB7C24ABC}.Release|Any CPU.ActiveCfg = Release|Any CPU
		{6F28B249-DF38-42F2-A011-9F3FB7C24ABC}.Release|Any CPU.Build.0 = Release|Any CPU
	EndGlobalSection
	GlobalSection(SolutionProperties) = preSolution
		HideSolutionNode = FALSE
	EndGlobalSection
	GlobalSection(ExtensibilityGlobals) = postSolution
		SolutionGuid = {A3A75045-D6FC-48C2-A932-B763D0E7F5EF}
	EndGlobalSection
EndGlobal
